// !$*UTF8*$!
{
	archiveVersion = 1;
	classes = {
	};
	objectVersion = 46;
	objects = {

/* Begin PBXBuildFile section */
		28057D1E1B6955B300F8D169 /* Trip.swift in Sources */ = {isa = PBXBuildFile; fileRef = 28057D1D1B6955B300F8D169 /* Trip.swift */; };
		28057D201B69805500F8D169 /* TripListViewController.swift in Sources */ = {isa = PBXBuildFile; fileRef = 28057D1F1B69805500F8D169 /* TripListViewController.swift */; };
		28057D221B69917800F8D169 /* TripTableViewCell.swift in Sources */ = {isa = PBXBuildFile; fileRef = 28057D211B69917800F8D169 /* TripTableViewCell.swift */; };
		282EF91A1B5D83B8003312E3 /* Car.swift in Sources */ = {isa = PBXBuildFile; fileRef = 282EF9191B5D83B8003312E3 /* Car.swift */; };
		282FB2F71B73BAD600F030B0 /* Maintenance.swift in Sources */ = {isa = PBXBuildFile; fileRef = 282FB2F61B73BAD600F030B0 /* Maintenance.swift */; };
		282FB2F91B73D37300F030B0 /* MaintenanceListViewController.swift in Sources */ = {isa = PBXBuildFile; fileRef = 282FB2F81B73D37300F030B0 /* MaintenanceListViewController.swift */; };
		282FB2FB1B74153D00F030B0 /* AddMaintenanceViewController.swift in Sources */ = {isa = PBXBuildFile; fileRef = 282FB2FA1B74153D00F030B0 /* AddMaintenanceViewController.swift */; };
		286A162A1B557C3800C76445 /* AutoCompleteTextField.swift in Sources */ = {isa = PBXBuildFile; fileRef = 286A16291B557C3800C76445 /* AutoCompleteTextField.swift */; };
		28A634FF1B4C30AC005DDCD3 /* CarListTableViewController.swift in Sources */ = {isa = PBXBuildFile; fileRef = 28A634FE1B4C30AC005DDCD3 /* CarListTableViewController.swift */; };
		28A635011B4C314D005DDCD3 /* CarListTableViewCell.swift in Sources */ = {isa = PBXBuildFile; fileRef = 28A635001B4C314D005DDCD3 /* CarListTableViewCell.swift */; };
		28A635031B4C73D3005DDCD3 /* NewCarViewController.swift in Sources */ = {isa = PBXBuildFile; fileRef = 28A635021B4C73D3005DDCD3 /* NewCarViewController.swift */; };
		28A6350A1B4F1A9E005DDCD3 /* MapKit.framework in Frameworks */ = {isa = PBXBuildFile; fileRef = 28A635091B4F1A9E005DDCD3 /* MapKit.framework */; };
		28A66A771B4AFD6600BAD902 /* AppDelegate.swift in Sources */ = {isa = PBXBuildFile; fileRef = 28A66A761B4AFD6600BAD902 /* AppDelegate.swift */; };
		28A66A7C1B4AFD6600BAD902 /* Main.storyboard in Resources */ = {isa = PBXBuildFile; fileRef = 28A66A7A1B4AFD6600BAD902 /* Main.storyboard */; };
		28A66A7E1B4AFD6600BAD902 /* Images.xcassets in Resources */ = {isa = PBXBuildFile; fileRef = 28A66A7D1B4AFD6600BAD902 /* Images.xcassets */; };
		28A66A811B4AFD6600BAD902 /* LaunchScreen.xib in Resources */ = {isa = PBXBuildFile; fileRef = 28A66A7F1B4AFD6600BAD902 /* LaunchScreen.xib */; };
		28A66A8D1B4AFD6600BAD902 /* ShouldIWashMyCarTests.swift in Sources */ = {isa = PBXBuildFile; fileRef = 28A66A8C1B4AFD6600BAD902 /* ShouldIWashMyCarTests.swift */; };
		28C304861B62F362005644BB /* CarTabBarViewController.swift in Sources */ = {isa = PBXBuildFile; fileRef = 28C304851B62F362005644BB /* CarTabBarViewController.swift */; };
		28C3048A1B63024D005644BB /* CarInfoViewController.swift in Sources */ = {isa = PBXBuildFile; fileRef = 28C304891B63024D005644BB /* CarInfoViewController.swift */; };
		28ED12431B6BE80A004C6A52 /* Commute.swift in Sources */ = {isa = PBXBuildFile; fileRef = 28ED12421B6BE80A004C6A52 /* Commute.swift */; };
		AF6AAF6FF1025429D2EE79B9 /* Pods_ShouldIWashMyCar.framework in Frameworks */ = {isa = PBXBuildFile; fileRef = 7CCF4856451598B5FAAE92C7 /* Pods_ShouldIWashMyCar.framework */; settings = {ATTRIBUTES = (Weak, ); }; };
		FCB1CB971CE61A63958D433B /* Pods_ShouldIWashMyCarTests.framework in Frameworks */ = {isa = PBXBuildFile; fileRef = CC36241CD798F43BDF2BF222 /* Pods_ShouldIWashMyCarTests.framework */; settings = {ATTRIBUTES = (Weak, ); }; };
/* End PBXBuildFile section */

/* Begin PBXContainerItemProxy section */
		28A66A871B4AFD6600BAD902 /* PBXContainerItemProxy */ = {
			isa = PBXContainerItemProxy;
			containerPortal = 28A66A691B4AFD6600BAD902 /* Project object */;
			proxyType = 1;
			remoteGlobalIDString = 28A66A701B4AFD6600BAD902;
			remoteInfo = ShouldIWashMyCar;
		};
/* End PBXContainerItemProxy section */

/* Begin PBXFileReference section */
		28057D1D1B6955B300F8D169 /* Trip.swift */ = {isa = PBXFileReference; fileEncoding = 4; lastKnownFileType = sourcecode.swift; name = Trip.swift; path = Entities/Trip.swift; sourceTree = "<group>"; };
		28057D1F1B69805500F8D169 /* TripListViewController.swift */ = {isa = PBXFileReference; fileEncoding = 4; lastKnownFileType = sourcecode.swift; name = TripListViewController.swift; path = ViewControllers/TripListViewController.swift; sourceTree = "<group>"; };
		28057D211B69917800F8D169 /* TripTableViewCell.swift */ = {isa = PBXFileReference; fileEncoding = 4; lastKnownFileType = sourcecode.swift; name = TripTableViewCell.swift; path = Entities/TripTableViewCell.swift; sourceTree = "<group>"; };
		282EF9191B5D83B8003312E3 /* Car.swift */ = {isa = PBXFileReference; fileEncoding = 4; lastKnownFileType = sourcecode.swift; name = Car.swift; path = Entities/Car.swift; sourceTree = "<group>"; };
		282FB2F61B73BAD600F030B0 /* Maintenance.swift */ = {isa = PBXFileReference; fileEncoding = 4; lastKnownFileType = sourcecode.swift; name = Maintenance.swift; path = Entities/Maintenance.swift; sourceTree = "<group>"; };
		282FB2F81B73D37300F030B0 /* MaintenanceListViewController.swift */ = {isa = PBXFileReference; fileEncoding = 4; lastKnownFileType = sourcecode.swift; name = MaintenanceListViewController.swift; path = ViewControllers/MaintenanceListViewController.swift; sourceTree = "<group>"; };
		282FB2FA1B74153D00F030B0 /* AddMaintenanceViewController.swift */ = {isa = PBXFileReference; fileEncoding = 4; lastKnownFileType = sourcecode.swift; name = AddMaintenanceViewController.swift; path = ViewControllers/AddMaintenanceViewController.swift; sourceTree = "<group>"; };
		286A16291B557C3800C76445 /* AutoCompleteTextField.swift */ = {isa = PBXFileReference; fileEncoding = 4; lastKnownFileType = sourcecode.swift; path = AutoCompleteTextField.swift; sourceTree = "<group>"; };
		28A634FE1B4C30AC005DDCD3 /* CarListTableViewController.swift */ = {isa = PBXFileReference; fileEncoding = 4; lastKnownFileType = sourcecode.swift; name = CarListTableViewController.swift; path = ViewControllers/CarListTableViewController.swift; sourceTree = "<group>"; };
		28A635001B4C314D005DDCD3 /* CarListTableViewCell.swift */ = {isa = PBXFileReference; fileEncoding = 4; lastKnownFileType = sourcecode.swift; path = CarListTableViewCell.swift; sourceTree = "<group>"; };
		28A635021B4C73D3005DDCD3 /* NewCarViewController.swift */ = {isa = PBXFileReference; fileEncoding = 4; lastKnownFileType = sourcecode.swift; name = NewCarViewController.swift; path = ViewControllers/NewCarViewController.swift; sourceTree = "<group>"; };
		28A635041B4DBD3C005DDCD3 /* Realm.framework */ = {isa = PBXFileReference; lastKnownFileType = wrapper.framework; name = Realm.framework; path = "../../../Downloads/realm-swift-0.93.2/ios/Realm.framework"; sourceTree = "<group>"; };
		28A635051B4DBD3C005DDCD3 /* RealmSwift.framework */ = {isa = PBXFileReference; lastKnownFileType = wrapper.framework; name = RealmSwift.framework; path = "../../../Downloads/realm-swift-0.93.2/ios/RealmSwift.framework"; sourceTree = "<group>"; };
		28A635091B4F1A9E005DDCD3 /* MapKit.framework */ = {isa = PBXFileReference; lastKnownFileType = wrapper.framework; name = MapKit.framework; path = System/Library/Frameworks/MapKit.framework; sourceTree = SDKROOT; };
		28A66A711B4AFD6600BAD902 /* ShouldIWashMyCar.app */ = {isa = PBXFileReference; explicitFileType = wrapper.application; includeInIndex = 0; path = ShouldIWashMyCar.app; sourceTree = BUILT_PRODUCTS_DIR; };
		28A66A751B4AFD6600BAD902 /* Info.plist */ = {isa = PBXFileReference; lastKnownFileType = text.plist.xml; path = Info.plist; sourceTree = "<group>"; };
		28A66A761B4AFD6600BAD902 /* AppDelegate.swift */ = {isa = PBXFileReference; lastKnownFileType = sourcecode.swift; path = AppDelegate.swift; sourceTree = "<group>"; };
		28A66A7B1B4AFD6600BAD902 /* Base */ = {isa = PBXFileReference; lastKnownFileType = file.storyboard; name = Base; path = Base.lproj/Main.storyboard; sourceTree = "<group>"; };
		28A66A7D1B4AFD6600BAD902 /* Images.xcassets */ = {isa = PBXFileReference; lastKnownFileType = folder.assetcatalog; path = Images.xcassets; sourceTree = "<group>"; };
		28A66A801B4AFD6600BAD902 /* Base */ = {isa = PBXFileReference; lastKnownFileType = file.xib; name = Base; path = Base.lproj/LaunchScreen.xib; sourceTree = "<group>"; };
		28A66A861B4AFD6600BAD902 /* ShouldIWashMyCarTests.xctest */ = {isa = PBXFileReference; explicitFileType = wrapper.cfbundle; includeInIndex = 0; path = ShouldIWashMyCarTests.xctest; sourceTree = BUILT_PRODUCTS_DIR; };
		28A66A8B1B4AFD6600BAD902 /* Info.plist */ = {isa = PBXFileReference; lastKnownFileType = text.plist.xml; path = Info.plist; sourceTree = "<group>"; };
		28A66A8C1B4AFD6600BAD902 /* ShouldIWashMyCarTests.swift */ = {isa = PBXFileReference; lastKnownFileType = sourcecode.swift; path = ShouldIWashMyCarTests.swift; sourceTree = "<group>"; };
		28C304851B62F362005644BB /* CarTabBarViewController.swift */ = {isa = PBXFileReference; fileEncoding = 4; lastKnownFileType = sourcecode.swift; name = CarTabBarViewController.swift; path = ViewControllers/CarTabBarViewController.swift; sourceTree = "<group>"; };
		28C304891B63024D005644BB /* CarInfoViewController.swift */ = {isa = PBXFileReference; fileEncoding = 4; lastKnownFileType = sourcecode.swift; name = CarInfoViewController.swift; path = ViewControllers/CarInfoViewController.swift; sourceTree = "<group>"; };
		28ED12421B6BE80A004C6A52 /* Commute.swift */ = {isa = PBXFileReference; fileEncoding = 4; lastKnownFileType = sourcecode.swift; name = Commute.swift; path = Entities/Commute.swift; sourceTree = "<group>"; };
		5744F96ED610EE22CA43DE5F /* Pods-ShouldIWashMyCar.debug.xcconfig */ = {isa = PBXFileReference; includeInIndex = 1; lastKnownFileType = text.xcconfig; name = "Pods-ShouldIWashMyCar.debug.xcconfig"; path = "Pods/Target Support Files/Pods-ShouldIWashMyCar/Pods-ShouldIWashMyCar.debug.xcconfig"; sourceTree = "<group>"; };
		57734B617941C33939046DFF /* Pods-ShouldIWashMyCarTests.release.xcconfig */ = {isa = PBXFileReference; includeInIndex = 1; lastKnownFileType = text.xcconfig; name = "Pods-ShouldIWashMyCarTests.release.xcconfig"; path = "Pods/Target Support Files/Pods-ShouldIWashMyCarTests/Pods-ShouldIWashMyCarTests.release.xcconfig"; sourceTree = "<group>"; };
		7B0AFB97D0D6A47DA3A3761C /* Pods-ShouldIWashMyCar.release.xcconfig */ = {isa = PBXFileReference; includeInIndex = 1; lastKnownFileType = text.xcconfig; name = "Pods-ShouldIWashMyCar.release.xcconfig"; path = "Pods/Target Support Files/Pods-ShouldIWashMyCar/Pods-ShouldIWashMyCar.release.xcconfig"; sourceTree = "<group>"; };
		7CCF4856451598B5FAAE92C7 /* Pods_ShouldIWashMyCar.framework */ = {isa = PBXFileReference; explicitFileType = wrapper.framework; includeInIndex = 0; path = Pods_ShouldIWashMyCar.framework; sourceTree = BUILT_PRODUCTS_DIR; };
		CC36241CD798F43BDF2BF222 /* Pods_ShouldIWashMyCarTests.framework */ = {isa = PBXFileReference; explicitFileType = wrapper.framework; includeInIndex = 0; path = Pods_ShouldIWashMyCarTests.framework; sourceTree = BUILT_PRODUCTS_DIR; };
		D09D7FDDBF54175AA813BCC3 /* Pods-ShouldIWashMyCarTests.debug.xcconfig */ = {isa = PBXFileReference; includeInIndex = 1; lastKnownFileType = text.xcconfig; name = "Pods-ShouldIWashMyCarTests.debug.xcconfig"; path = "Pods/Target Support Files/Pods-ShouldIWashMyCarTests/Pods-ShouldIWashMyCarTests.debug.xcconfig"; sourceTree = "<group>"; };
/* End PBXFileReference section */

/* Begin PBXFrameworksBuildPhase section */
		28A66A6E1B4AFD6600BAD902 /* Frameworks */ = {
			isa = PBXFrameworksBuildPhase;
			buildActionMask = 2147483647;
			files = (
				28A6350A1B4F1A9E005DDCD3 /* MapKit.framework in Frameworks */,
				AF6AAF6FF1025429D2EE79B9 /* Pods_ShouldIWashMyCar.framework in Frameworks */,
			);
			runOnlyForDeploymentPostprocessing = 0;
		};
		28A66A831B4AFD6600BAD902 /* Frameworks */ = {
			isa = PBXFrameworksBuildPhase;
			buildActionMask = 2147483647;
			files = (
				FCB1CB971CE61A63958D433B /* Pods_ShouldIWashMyCarTests.framework in Frameworks */,
			);
			runOnlyForDeploymentPostprocessing = 0;
		};
/* End PBXFrameworksBuildPhase section */

/* Begin PBXGroup section */
		2812FD761B546D45009EB1F4 /* Entities */ = {
			isa = PBXGroup;
			children = (
				28A635001B4C314D005DDCD3 /* CarListTableViewCell.swift */,
				282EF9191B5D83B8003312E3 /* Car.swift */,
				28057D1D1B6955B300F8D169 /* Trip.swift */,
				28ED12421B6BE80A004C6A52 /* Commute.swift */,
				28057D211B69917800F8D169 /* TripTableViewCell.swift */,
				282FB2F61B73BAD600F030B0 /* Maintenance.swift */,
			);
			name = Entities;
			sourceTree = "<group>";
		};
		286A16281B557C3800C76445 /* AutoCompleteTextField */ = {
			isa = PBXGroup;
			children = (
				286A16291B557C3800C76445 /* AutoCompleteTextField.swift */,
			);
			path = AutoCompleteTextField;
			sourceTree = "<group>";
		};
		28A634FD1B4C3093005DDCD3 /* ViewControllers */ = {
			isa = PBXGroup;
			children = (
				28057D1F1B69805500F8D169 /* TripListViewController.swift */,
				28A635021B4C73D3005DDCD3 /* NewCarViewController.swift */,
				28A634FE1B4C30AC005DDCD3 /* CarListTableViewController.swift */,
				28C304851B62F362005644BB /* CarTabBarViewController.swift */,
				28C304891B63024D005644BB /* CarInfoViewController.swift */,
				282FB2F81B73D37300F030B0 /* MaintenanceListViewController.swift */,
				282FB2FA1B74153D00F030B0 /* AddMaintenanceViewController.swift */,
			);
			name = ViewControllers;
			sourceTree = "<group>";
		};
		28A66A681B4AFD6600BAD902 = {
			isa = PBXGroup;
			children = (
				28A635091B4F1A9E005DDCD3 /* MapKit.framework */,
				28A66A731B4AFD6600BAD902 /* ShouldIWashMyCar */,
				28A635041B4DBD3C005DDCD3 /* Realm.framework */,
				28A635051B4DBD3C005DDCD3 /* RealmSwift.framework */,
				28A66A891B4AFD6600BAD902 /* ShouldIWashMyCarTests */,
				28A66A721B4AFD6600BAD902 /* Products */,
				5B8F71F58D3980443EA55520 /* Pods */,
				D2908CBE095E432E9309AEEF /* Frameworks */,
			);
			sourceTree = "<group>";
		};
		28A66A721B4AFD6600BAD902 /* Products */ = {
			isa = PBXGroup;
			children = (
				28A66A711B4AFD6600BAD902 /* ShouldIWashMyCar.app */,
				28A66A861B4AFD6600BAD902 /* ShouldIWashMyCarTests.xctest */,
			);
			name = Products;
			sourceTree = "<group>";
		};
		28A66A731B4AFD6600BAD902 /* ShouldIWashMyCar */ = {
			isa = PBXGroup;
			children = (
				28ED12441B6C8264004C6A52 /* Views */,
				286A16281B557C3800C76445 /* AutoCompleteTextField */,
				2812FD761B546D45009EB1F4 /* Entities */,
				28A634FD1B4C3093005DDCD3 /* ViewControllers */,
				28A66A761B4AFD6600BAD902 /* AppDelegate.swift */,
				28A66A7A1B4AFD6600BAD902 /* Main.storyboard */,
				28A66A7D1B4AFD6600BAD902 /* Images.xcassets */,
				28A66A7F1B4AFD6600BAD902 /* LaunchScreen.xib */,
				28A66A741B4AFD6600BAD902 /* Supporting Files */,
			);
			path = ShouldIWashMyCar;
			sourceTree = "<group>";
		};
		28A66A741B4AFD6600BAD902 /* Supporting Files */ = {
			isa = PBXGroup;
			children = (
				28A66A751B4AFD6600BAD902 /* Info.plist */,
			);
			name = "Supporting Files";
			sourceTree = "<group>";
		};
		28A66A891B4AFD6600BAD902 /* ShouldIWashMyCarTests */ = {
			isa = PBXGroup;
			children = (
				28A66A8C1B4AFD6600BAD902 /* ShouldIWashMyCarTests.swift */,
				28A66A8A1B4AFD6600BAD902 /* Supporting Files */,
			);
			path = ShouldIWashMyCarTests;
			sourceTree = "<group>";
		};
		28A66A8A1B4AFD6600BAD902 /* Supporting Files */ = {
			isa = PBXGroup;
			children = (
				28A66A8B1B4AFD6600BAD902 /* Info.plist */,
			);
			name = "Supporting Files";
			sourceTree = "<group>";
		};
		28ED12441B6C8264004C6A52 /* Views */ = {
			isa = PBXGroup;
			children = (
			);
			name = Views;
			sourceTree = "<group>";
		};
		5B8F71F58D3980443EA55520 /* Pods */ = {
			isa = PBXGroup;
			children = (
				5744F96ED610EE22CA43DE5F /* Pods-ShouldIWashMyCar.debug.xcconfig */,
				7B0AFB97D0D6A47DA3A3761C /* Pods-ShouldIWashMyCar.release.xcconfig */,
				D09D7FDDBF54175AA813BCC3 /* Pods-ShouldIWashMyCarTests.debug.xcconfig */,
				57734B617941C33939046DFF /* Pods-ShouldIWashMyCarTests.release.xcconfig */,
			);
			name = Pods;
			sourceTree = "<group>";
		};
		D2908CBE095E432E9309AEEF /* Frameworks */ = {
			isa = PBXGroup;
			children = (
				7CCF4856451598B5FAAE92C7 /* Pods_ShouldIWashMyCar.framework */,
				CC36241CD798F43BDF2BF222 /* Pods_ShouldIWashMyCarTests.framework */,
			);
			name = Frameworks;
			sourceTree = "<group>";
		};
/* End PBXGroup section */

/* Begin PBXNativeTarget section */
		28A66A701B4AFD6600BAD902 /* ShouldIWashMyCar */ = {
			isa = PBXNativeTarget;
			buildConfigurationList = 28A66A901B4AFD6600BAD902 /* Build configuration list for PBXNativeTarget "ShouldIWashMyCar" */;
			buildPhases = (
				183ACBC6FF2CF07B423A838B /* Check Pods Manifest.lock */,
				28A66A6D1B4AFD6600BAD902 /* Sources */,
				28A66A6E1B4AFD6600BAD902 /* Frameworks */,
				28A66A6F1B4AFD6600BAD902 /* Resources */,
				E53751B0263A0DCF49593F46 /* Copy Pods Resources */,
				256640E6C0677B35DEE29495 /* Embed Pods Frameworks */,
			);
			buildRules = (
			);
			dependencies = (
			);
			name = ShouldIWashMyCar;
			productName = ShouldIWashMyCar;
			productReference = 28A66A711B4AFD6600BAD902 /* ShouldIWashMyCar.app */;
			productType = "com.apple.product-type.application";
		};
		28A66A851B4AFD6600BAD902 /* ShouldIWashMyCarTests */ = {
			isa = PBXNativeTarget;
			buildConfigurationList = 28A66A931B4AFD6600BAD902 /* Build configuration list for PBXNativeTarget "ShouldIWashMyCarTests" */;
			buildPhases = (
				B2670938076D265BA2A6C90F /* Check Pods Manifest.lock */,
				28A66A821B4AFD6600BAD902 /* Sources */,
				28A66A831B4AFD6600BAD902 /* Frameworks */,
				28A66A841B4AFD6600BAD902 /* Resources */,
				3A13E6031E52650520F763B6 /* Embed Pods Frameworks */,
				01474598043A7D27BBBF07E4 /* Copy Pods Resources */,
			);
			buildRules = (
			);
			dependencies = (
				28A66A881B4AFD6600BAD902 /* PBXTargetDependency */,
			);
			name = ShouldIWashMyCarTests;
			productName = ShouldIWashMyCarTests;
			productReference = 28A66A861B4AFD6600BAD902 /* ShouldIWashMyCarTests.xctest */;
			productType = "com.apple.product-type.bundle.unit-test";
		};
/* End PBXNativeTarget section */

/* Begin PBXProject section */
		28A66A691B4AFD6600BAD902 /* Project object */ = {
			isa = PBXProject;
			attributes = {
				LastUpgradeCheck = 0640;
				ORGANIZATIONNAME = "Make School";
				TargetAttributes = {
					28A66A701B4AFD6600BAD902 = {
						CreatedOnToolsVersion = 6.4;
						DevelopmentTeam = FJZN4A9UP6;
						SystemCapabilities = {
							com.apple.BackgroundModes = {
								enabled = 1;
							};
							com.apple.Maps.iOS = {
								enabled = 0;
							};
						};
					};
					28A66A851B4AFD6600BAD902 = {
						CreatedOnToolsVersion = 6.4;
						TestTargetID = 28A66A701B4AFD6600BAD902;
					};
				};
			};
			buildConfigurationList = 28A66A6C1B4AFD6600BAD902 /* Build configuration list for PBXProject "ShouldIWashMyCar" */;
			compatibilityVersion = "Xcode 3.2";
			developmentRegion = English;
			hasScannedForEncodings = 0;
			knownRegions = (
				en,
				Base,
			);
			mainGroup = 28A66A681B4AFD6600BAD902;
			productRefGroup = 28A66A721B4AFD6600BAD902 /* Products */;
			projectDirPath = "";
			projectRoot = "";
			targets = (
				28A66A701B4AFD6600BAD902 /* ShouldIWashMyCar */,
				28A66A851B4AFD6600BAD902 /* ShouldIWashMyCarTests */,
			);
		};
/* End PBXProject section */

/* Begin PBXResourcesBuildPhase section */
		28A66A6F1B4AFD6600BAD902 /* Resources */ = {
			isa = PBXResourcesBuildPhase;
			buildActionMask = 2147483647;
			files = (
				28A66A7C1B4AFD6600BAD902 /* Main.storyboard in Resources */,
				28A66A811B4AFD6600BAD902 /* LaunchScreen.xib in Resources */,
				28A66A7E1B4AFD6600BAD902 /* Images.xcassets in Resources */,
			);
			runOnlyForDeploymentPostprocessing = 0;
		};
		28A66A841B4AFD6600BAD902 /* Resources */ = {
			isa = PBXResourcesBuildPhase;
			buildActionMask = 2147483647;
			files = (
			);
			runOnlyForDeploymentPostprocessing = 0;
		};
/* End PBXResourcesBuildPhase section */

/* Begin PBXShellScriptBuildPhase section */
		01474598043A7D27BBBF07E4 /* Copy Pods Resources */ = {
			isa = PBXShellScriptBuildPhase;
			buildActionMask = 2147483647;
			files = (
			);
			inputPaths = (
			);
			name = "Copy Pods Resources";
			outputPaths = (
			);
			runOnlyForDeploymentPostprocessing = 0;
			shellPath = /bin/sh;
			shellScript = "\"${SRCROOT}/Pods/Target Support Files/Pods-ShouldIWashMyCarTests/Pods-ShouldIWashMyCarTests-resources.sh\"\n";
			showEnvVarsInLog = 0;
		};
		183ACBC6FF2CF07B423A838B /* Check Pods Manifest.lock */ = {
			isa = PBXShellScriptBuildPhase;
			buildActionMask = 2147483647;
			files = (
			);
			inputPaths = (
			);
			name = "Check Pods Manifest.lock";
			outputPaths = (
			);
			runOnlyForDeploymentPostprocessing = 0;
			shellPath = /bin/sh;
			shellScript = "diff \"${PODS_ROOT}/../Podfile.lock\" \"${PODS_ROOT}/Manifest.lock\" > /dev/null\nif [[ $? != 0 ]] ; then\n    cat << EOM\nerror: The sandbox is not in sync with the Podfile.lock. Run 'pod install' or update your CocoaPods installation.\nEOM\n    exit 1\nfi\n";
			showEnvVarsInLog = 0;
		};
		256640E6C0677B35DEE29495 /* Embed Pods Frameworks */ = {
			isa = PBXShellScriptBuildPhase;
			buildActionMask = 2147483647;
			files = (
			);
			inputPaths = (
			);
			name = "Embed Pods Frameworks";
			outputPaths = (
			);
			runOnlyForDeploymentPostprocessing = 0;
			shellPath = /bin/sh;
			shellScript = "\"${SRCROOT}/Pods/Target Support Files/Pods-ShouldIWashMyCar/Pods-ShouldIWashMyCar-frameworks.sh\"\n";
			showEnvVarsInLog = 0;
		};
		3A13E6031E52650520F763B6 /* Embed Pods Frameworks */ = {
			isa = PBXShellScriptBuildPhase;
			buildActionMask = 2147483647;
			files = (
			);
			inputPaths = (
			);
			name = "Embed Pods Frameworks";
			outputPaths = (
			);
			runOnlyForDeploymentPostprocessing = 0;
			shellPath = /bin/sh;
			shellScript = "\"${SRCROOT}/Pods/Target Support Files/Pods-ShouldIWashMyCarTests/Pods-ShouldIWashMyCarTests-frameworks.sh\"\n";
			showEnvVarsInLog = 0;
		};
		B2670938076D265BA2A6C90F /* Check Pods Manifest.lock */ = {
			isa = PBXShellScriptBuildPhase;
			buildActionMask = 2147483647;
			files = (
			);
			inputPaths = (
			);
			name = "Check Pods Manifest.lock";
			outputPaths = (
			);
			runOnlyForDeploymentPostprocessing = 0;
			shellPath = /bin/sh;
			shellScript = "diff \"${PODS_ROOT}/../Podfile.lock\" \"${PODS_ROOT}/Manifest.lock\" > /dev/null\nif [[ $? != 0 ]] ; then\n    cat << EOM\nerror: The sandbox is not in sync with the Podfile.lock. Run 'pod install' or update your CocoaPods installation.\nEOM\n    exit 1\nfi\n";
			showEnvVarsInLog = 0;
		};
		E53751B0263A0DCF49593F46 /* Copy Pods Resources */ = {
			isa = PBXShellScriptBuildPhase;
			buildActionMask = 2147483647;
			files = (
			);
			inputPaths = (
			);
			name = "Copy Pods Resources";
			outputPaths = (
			);
			runOnlyForDeploymentPostprocessing = 0;
			shellPath = /bin/sh;
			shellScript = "\"${SRCROOT}/Pods/Target Support Files/Pods-ShouldIWashMyCar/Pods-ShouldIWashMyCar-resources.sh\"\n";
			showEnvVarsInLog = 0;
		};
/* End PBXShellScriptBuildPhase section */

/* Begin PBXSourcesBuildPhase section */
		28A66A6D1B4AFD6600BAD902 /* Sources */ = {
			isa = PBXSourcesBuildPhase;
			buildActionMask = 2147483647;
			files = (
				282FB2F91B73D37300F030B0 /* MaintenanceListViewController.swift in Sources */,
				28057D221B69917800F8D169 /* TripTableViewCell.swift in Sources */,
				28A635031B4C73D3005DDCD3 /* NewCarViewController.swift in Sources */,
				282FB2FB1B74153D00F030B0 /* AddMaintenanceViewController.swift in Sources */,
				28ED12431B6BE80A004C6A52 /* Commute.swift in Sources */,
				28A634FF1B4C30AC005DDCD3 /* CarListTableViewController.swift in Sources */,
				282EF91A1B5D83B8003312E3 /* Car.swift in Sources */,
				28057D201B69805500F8D169 /* TripListViewController.swift in Sources */,
				28057D1E1B6955B300F8D169 /* Trip.swift in Sources */,
				286A162A1B557C3800C76445 /* AutoCompleteTextField.swift in Sources */,
				28C304861B62F362005644BB /* CarTabBarViewController.swift in Sources */,
				28A66A771B4AFD6600BAD902 /* AppDelegate.swift in Sources */,
				282FB2F71B73BAD600F030B0 /* Maintenance.swift in Sources */,
				28A635011B4C314D005DDCD3 /* CarListTableViewCell.swift in Sources */,
				28C3048A1B63024D005644BB /* CarInfoViewController.swift in Sources */,
			);
			runOnlyForDeploymentPostprocessing = 0;
		};
		28A66A821B4AFD6600BAD902 /* Sources */ = {
			isa = PBXSourcesBuildPhase;
			buildActionMask = 2147483647;
			files = (
				28A66A8D1B4AFD6600BAD902 /* ShouldIWashMyCarTests.swift in Sources */,
			);
			runOnlyForDeploymentPostprocessing = 0;
		};
/* End PBXSourcesBuildPhase section */

/* Begin PBXTargetDependency section */
		28A66A881B4AFD6600BAD902 /* PBXTargetDependency */ = {
			isa = PBXTargetDependency;
			target = 28A66A701B4AFD6600BAD902 /* ShouldIWashMyCar */;
			targetProxy = 28A66A871B4AFD6600BAD902 /* PBXContainerItemProxy */;
		};
/* End PBXTargetDependency section */

/* Begin PBXVariantGroup section */
		28A66A7A1B4AFD6600BAD902 /* Main.storyboard */ = {
			isa = PBXVariantGroup;
			children = (
				28A66A7B1B4AFD6600BAD902 /* Base */,
			);
			name = Main.storyboard;
			sourceTree = "<group>";
		};
		28A66A7F1B4AFD6600BAD902 /* LaunchScreen.xib */ = {
			isa = PBXVariantGroup;
			children = (
				28A66A801B4AFD6600BAD902 /* Base */,
			);
			name = LaunchScreen.xib;
			sourceTree = "<group>";
		};
/* End PBXVariantGroup section */

/* Begin XCBuildConfiguration section */
		28A66A8E1B4AFD6600BAD902 /* Debug */ = {
			isa = XCBuildConfiguration;
			buildSettings = {
				ALWAYS_SEARCH_USER_PATHS = NO;
				CLANG_CXX_LANGUAGE_STANDARD = "gnu++0x";
				CLANG_CXX_LIBRARY = "libc++";
				CLANG_ENABLE_MODULES = YES;
				CLANG_ENABLE_OBJC_ARC = YES;
				CLANG_WARN_BOOL_CONVERSION = YES;
				CLANG_WARN_CONSTANT_CONVERSION = YES;
				CLANG_WARN_DIRECT_OBJC_ISA_USAGE = YES_ERROR;
				CLANG_WARN_EMPTY_BODY = YES;
				CLANG_WARN_ENUM_CONVERSION = YES;
				CLANG_WARN_INT_CONVERSION = YES;
				CLANG_WARN_OBJC_ROOT_CLASS = YES_ERROR;
				CLANG_WARN_UNREACHABLE_CODE = YES;
				CLANG_WARN__DUPLICATE_METHOD_MATCH = YES;
				"CODE_SIGN_IDENTITY[sdk=iphoneos*]" = "iPhone Developer";
				COPY_PHASE_STRIP = NO;
				DEBUG_INFORMATION_FORMAT = "dwarf-with-dsym";
				ENABLE_STRICT_OBJC_MSGSEND = YES;
				GCC_C_LANGUAGE_STANDARD = gnu99;
				GCC_DYNAMIC_NO_PIC = NO;
				GCC_NO_COMMON_BLOCKS = YES;
				GCC_OPTIMIZATION_LEVEL = 0;
				GCC_PREPROCESSOR_DEFINITIONS = (
					"DEBUG=1",
					"$(inherited)",
				);
				GCC_SYMBOLS_PRIVATE_EXTERN = NO;
				GCC_WARN_64_TO_32_BIT_CONVERSION = YES;
				GCC_WARN_ABOUT_RETURN_TYPE = YES_ERROR;
				GCC_WARN_UNDECLARED_SELECTOR = YES;
				GCC_WARN_UNINITIALIZED_AUTOS = YES_AGGRESSIVE;
				GCC_WARN_UNUSED_FUNCTION = YES;
				GCC_WARN_UNUSED_VARIABLE = YES;
				IPHONEOS_DEPLOYMENT_TARGET = 8.4;
				MTL_ENABLE_DEBUG_INFO = YES;
				ONLY_ACTIVE_ARCH = YES;
				SDKROOT = iphoneos;
				SWIFT_OPTIMIZATION_LEVEL = "-Onone";
				TARGETED_DEVICE_FAMILY = "1,2";
			};
			name = Debug;
		};
		28A66A8F1B4AFD6600BAD902 /* Release */ = {
			isa = XCBuildConfiguration;
			buildSettings = {
				ALWAYS_SEARCH_USER_PATHS = NO;
				CLANG_CXX_LANGUAGE_STANDARD = "gnu++0x";
				CLANG_CXX_LIBRARY = "libc++";
				CLANG_ENABLE_MODULES = YES;
				CLANG_ENABLE_OBJC_ARC = YES;
				CLANG_WARN_BOOL_CONVERSION = YES;
				CLANG_WARN_CONSTANT_CONVERSION = YES;
				CLANG_WARN_DIRECT_OBJC_ISA_USAGE = YES_ERROR;
				CLANG_WARN_EMPTY_BODY = YES;
				CLANG_WARN_ENUM_CONVERSION = YES;
				CLANG_WARN_INT_CONVERSION = YES;
				CLANG_WARN_OBJC_ROOT_CLASS = YES_ERROR;
				CLANG_WARN_UNREACHABLE_CODE = YES;
				CLANG_WARN__DUPLICATE_METHOD_MATCH = YES;
				"CODE_SIGN_IDENTITY[sdk=iphoneos*]" = "iPhone Developer";
				COPY_PHASE_STRIP = NO;
				DEBUG_INFORMATION_FORMAT = "dwarf-with-dsym";
				ENABLE_NS_ASSERTIONS = NO;
				ENABLE_STRICT_OBJC_MSGSEND = YES;
				GCC_C_LANGUAGE_STANDARD = gnu99;
				GCC_NO_COMMON_BLOCKS = YES;
				GCC_WARN_64_TO_32_BIT_CONVERSION = YES;
				GCC_WARN_ABOUT_RETURN_TYPE = YES_ERROR;
				GCC_WARN_UNDECLARED_SELECTOR = YES;
				GCC_WARN_UNINITIALIZED_AUTOS = YES_AGGRESSIVE;
				GCC_WARN_UNUSED_FUNCTION = YES;
				GCC_WARN_UNUSED_VARIABLE = YES;
				IPHONEOS_DEPLOYMENT_TARGET = 8.4;
				MTL_ENABLE_DEBUG_INFO = NO;
				SDKROOT = iphoneos;
				TARGETED_DEVICE_FAMILY = "1,2";
				VALIDATE_PRODUCT = YES;
			};
			name = Release;
		};
		28A66A911B4AFD6600BAD902 /* Debug */ = {
			isa = XCBuildConfiguration;
			baseConfigurationReference = 5744F96ED610EE22CA43DE5F /* Pods-ShouldIWashMyCar.debug.xcconfig */;
			buildSettings = {
				ASSETCATALOG_COMPILER_APPICON_NAME = AppIcon;
				CODE_SIGN_IDENTITY = "iPhone Developer";
				"CODE_SIGN_IDENTITY[sdk=iphoneos*]" = "iPhone Developer";
				FRAMEWORK_SEARCH_PATHS = (
					"$(inherited)",
					"/Users/amit/Downloads/realm-swift-0.93.2/ios",
				);
				INFOPLIST_FILE = ShouldIWashMyCar/Info.plist;
				LD_RUNPATH_SEARCH_PATHS = "$(inherited) @executable_path/Frameworks";
				PRODUCT_NAME = "$(TARGET_NAME)";
				PROVISIONING_PROFILE = "";
			};
			name = Debug;
		};
		28A66A921B4AFD6600BAD902 /* Release */ = {
			isa = XCBuildConfiguration;
			baseConfigurationReference = 7B0AFB97D0D6A47DA3A3761C /* Pods-ShouldIWashMyCar.release.xcconfig */;
			buildSettings = {
				ASSETCATALOG_COMPILER_APPICON_NAME = AppIcon;
				CODE_SIGN_IDENTITY = "iPhone Developer";
				"CODE_SIGN_IDENTITY[sdk=iphoneos*]" = "iPhone Developer";
				FRAMEWORK_SEARCH_PATHS = (
					"$(inherited)",
					"/Users/amit/Downloads/realm-swift-0.93.2/ios",
				);
				INFOPLIST_FILE = ShouldIWashMyCar/Info.plist;
				LD_RUNPATH_SEARCH_PATHS = "$(inherited) @executable_path/Frameworks";
				PRODUCT_NAME = "$(TARGET_NAME)";
				PROVISIONING_PROFILE = "";
			};
			name = Release;
		};
		28A66A941B4AFD6600BAD902 /* Debug */ = {
			isa = XCBuildConfiguration;
			baseConfigurationReference = D09D7FDDBF54175AA813BCC3 /* Pods-ShouldIWashMyCarTests.debug.xcconfig */;
			buildSettings = {
				BUNDLE_LOADER = "$(TEST_HOST)";
				FRAMEWORK_SEARCH_PATHS = (
					"$(SDKROOT)/Developer/Library/Frameworks",
					"$(inherited)",
				);
				GCC_PREPROCESSOR_DEFINITIONS = (
					"DEBUG=1",
					"$(inherited)",
				);
				INFOPLIST_FILE = ShouldIWashMyCarTests/Info.plist;
				LD_RUNPATH_SEARCH_PATHS = "$(inherited) @executable_path/Frameworks @loader_path/Frameworks";
				PRODUCT_NAME = "$(TARGET_NAME)";
				TEST_HOST = "$(BUILT_PRODUCTS_DIR)/ShouldIWashMyCar.app/ShouldIWashMyCar";
			};
			name = Debug;
		};
		28A66A951B4AFD6600BAD902 /* Release */ = {
			isa = XCBuildConfiguration;
			baseConfigurationReference = 57734B617941C33939046DFF /* Pods-ShouldIWashMyCarTests.release.xcconfig */;
			buildSettings = {
				BUNDLE_LOADER = "$(TEST_HOST)";
				FRAMEWORK_SEARCH_PATHS = (
					"$(SDKROOT)/Developer/Library/Frameworks",
					"$(inherited)",
				);
				INFOPLIST_FILE = ShouldIWashMyCarTests/Info.plist;
				LD_RUNPATH_SEARCH_PATHS = "$(inherited) @executable_path/Frameworks @loader_path/Frameworks";
				PRODUCT_NAME = "$(TARGET_NAME)";
				TEST_HOST = "$(BUILT_PRODUCTS_DIR)/ShouldIWashMyCar.app/ShouldIWashMyCar";
			};
			name = Release;
		};
/* End XCBuildConfiguration section */

/* Begin XCConfigurationList section */
		28A66A6C1B4AFD6600BAD902 /* Build configuration list for PBXProject "ShouldIWashMyCar" */ = {
			isa = XCConfigurationList;
			buildConfigurations = (
				28A66A8E1B4AFD6600BAD902 /* Debug */,
				28A66A8F1B4AFD6600BAD902 /* Release */,
			);
			defaultConfigurationIsVisible = 0;
			defaultConfigurationName = Release;
		};
		28A66A901B4AFD6600BAD902 /* Build configuration list for PBXNativeTarget "ShouldIWashMyCar" */ = {
			isa = XCConfigurationList;
			buildConfigurations = (
				28A66A911B4AFD6600BAD902 /* Debug */,
				28A66A921B4AFD6600BAD902 /* Release */,
			);
			defaultConfigurationIsVisible = 0;
			defaultConfigurationName = Release;
		};
		28A66A931B4AFD6600BAD902 /* Build configuration list for PBXNativeTarget "ShouldIWashMyCarTests" */ = {
			isa = XCConfigurationList;
			buildConfigurations = (
				28A66A941B4AFD6600BAD902 /* Debug */,
				28A66A951B4AFD6600BAD902 /* Release */,
			);
			defaultConfigurationIsVisible = 0;
			defaultConfigurationName = Release;
		};
/* End XCConfigurationList section */
	};
	rootObject = 28A66A691B4AFD6600BAD902 /* Project object */;
}
